
Microsoft Visual Studio Solution File, Format Version 12.00
# Visual Studio Version 17
VisualStudioVersion = 17.3.32804.467
MinimumVisualStudioVersion = 10.0.40219.1
Project("{9A19103F-16F7-4668-BE54-9A1E7A4F7556}") = "Cinnamon.Web", "Cinnamon.Web\Cinnamon.Web.csproj", "{28389E69-4EC4-492B-BEA3-D4AA352A622B}"
EndProject
Project("{9A19103F-16F7-4668-BE54-9A1E7A4F7556}") = "Cinnamon.Core", "Cinnamon.Core\Cinnamon.Core.csproj", "{4169F396-53D8-4D92-BD36-2798EC45C856}"
EndProject
Project("{9A19103F-16F7-4668-BE54-9A1E7A4F7556}") = "Cinnamon.Data", "Cinnamon.Data\Cinnamon.Data.csproj", "{9862D5BB-3E41-42C7-B71C-E5CB18DE808B}"
EndProject
Project("{9A19103F-16F7-4668-BE54-9A1E7A4F7556}") = "Cinnamon.Test", "Cinnamon.Test\Cinnamon.Test.csproj", "{1BAC3C1F-C9F8-4AE2-B183-A7FACA8BD4D1}"
EndProject
Project("{2150E333-8FDC-42A3-9474-1A3956D46DE8}") = "Solution Items", "Solution Items", "{3E5DE946-C848-4E63-9B6D-E8529469CE2C}"
	ProjectSection(SolutionItems) = preProject
		.editorconfig = .editorconfig
	EndProjectSection
EndProject
Project("{2150E333-8FDC-42A3-9474-1A3956D46DE8}") = "api", "api", "{71827F32-4012-47BC-A5FF-BB19C98E0A29}"
EndProject
Project("{FAE04EC0-301F-11D3-BF4B-00C04F79EFBC}") = "Cinnamon.Api.Data", "api\Cinnamon.Api.Data\Cinnamon.Api.Data.csproj", "{F8AB4026-156D-4A89-91B8-1A088F89E3EB}"
EndProject
Global
	GlobalSection(SolutionConfigurationPlatforms) = preSolution
		Debug|Any CPU = Debug|Any CPU
		Release|Any CPU = Release|Any CPU
	EndGlobalSection
	GlobalSection(ProjectConfigurationPlatforms) = postSolution
		{28389E69-4EC4-492B-BEA3-D4AA352A622B}.Debug|Any CPU.ActiveCfg = Debug|Any CPU
		{28389E69-4EC4-492B-BEA3-D4AA352A622B}.Debug|Any CPU.Build.0 = Debug|Any CPU
		{28389E69-4EC4-492B-BEA3-D4AA352A622B}.Release|Any CPU.ActiveCfg = Release|Any CPU
		{28389E69-4EC4-492B-BEA3-D4AA352A622B}.Release|Any CPU.Build.0 = Release|Any CPU
		{4169F396-53D8-4D92-BD36-2798EC45C856}.Debug|Any CPU.ActiveCfg = Debug|Any CPU
		{4169F396-53D8-4D92-BD36-2798EC45C856}.Debug|Any CPU.Build.0 = Debug|Any CPU
		{4169F396-53D8-4D92-BD36-2798EC45C856}.Release|Any CPU.ActiveCfg = Release|Any CPU
		{4169F396-53D8-4D92-BD36-2798EC45C856}.Release|Any CPU.Build.0 = Release|Any CPU
		{9862D5BB-3E41-42C7-B71C-E5CB18DE808B}.Debug|Any CPU.ActiveCfg = Debug|Any CPU
		{9862D5BB-3E41-42C7-B71C-E5CB18DE808B}.Debug|Any CPU.Build.0 = Debug|Any CPU
		{9862D5BB-3E41-42C7-B71C-E5CB18DE808B}.Release|Any CPU.ActiveCfg = Release|Any CPU
		{9862D5BB-3E41-42C7-B71C-E5CB18DE808B}.Release|Any CPU.Build.0 = Release|Any CPU
		{1BAC3C1F-C9F8-4AE2-B183-A7FACA8BD4D1}.Debug|Any CPU.ActiveCfg = Debug|Any CPU
		{1BAC3C1F-C9F8-4AE2-B183-A7FACA8BD4D1}.Debug|Any CPU.Build.0 = Debug|Any CPU
		{1BAC3C1F-C9F8-4AE2-B183-A7FACA8BD4D1}.Release|Any CPU.ActiveCfg = Release|Any CPU
		{1BAC3C1F-C9F8-4AE2-B183-A7FACA8BD4D1}.Release|Any CPU.Build.0 = Release|Any CPU
		{F8AB4026-156D-4A89-91B8-1A088F89E3EB}.Debug|Any CPU.ActiveCfg = Debug|Any CPU
		{F8AB4026-156D-4A89-91B8-1A088F89E3EB}.Debug|Any CPU.Build.0 = Debug|Any CPU
		{F8AB4026-156D-4A89-91B8-1A088F89E3EB}.Release|Any CPU.ActiveCfg = Release|Any CPU
		{F8AB4026-156D-4A89-91B8-1A088F89E3EB}.Release|Any CPU.Build.0 = Release|Any CPU
	EndGlobalSection
	GlobalSection(SolutionProperties) = preSolution
		HideSolutionNode = FALSE
	EndGlobalSection
	GlobalSection(ExtensibilityGlobals) = postSolution
		SolutionGuid = {275360ED-A8AC-4A42-B51A-4F72AB7ACE56}
	EndGlobalSection
	GlobalSection(NestedProjects) = preSolution
		{F8AB4026-156D-4A89-91B8-1A088F89E3EB} = {71827F32-4012-47BC-A5FF-BB19C98E0A29}
	EndGlobalSection
EndGlobal
