{
  "requires": true,
  "lockfileVersion": 1,
  "dependencies": {
    "bootstrap-cookie-alert": {
      "version": "1.2.1",
      "resolved": "https://registry.npmjs.org/bootstrap-cookie-alert/-/bootstrap-cookie-alert-1.2.1.tgz",
      "integrity": "sha512-T4nzcJkrCJCfxbw9eRM93EwO3/seSL/wbjsDLLOdLIhhksb07zhj4NOgNJUwtLc7dkI28ef1KZU9yYzHZMUXvQ=="
    },
    "bootstrap-icons": {
      "version": "1.9.1",
      "resolved": "https://registry.npmjs.org/bootstrap-icons/-/bootstrap-icons-1.9.1.tgz",
      "integrity": "sha512-d4ZkO30MIkAhQ2nNRJqKXJVEQorALGbLWTuRxyCTJF96lRIV6imcgMehWGJUiJMJhglN0o2tqLIeDnMdiQEE9g=="
    }
  }
}
